{
  "object": {
    "pins": [
      {
        "package": "AnyCodable",
        "repositoryURL": "https://github.com/Flight-School/AnyCodable",
        "state": {
          "branch": "master",
          "revision": "69261f239f0fffaf51495dadc4f8483fbfe97025",
          "version": null
        }
      }
    ]
  },
  "version": 1
}
