// !$*UTF8*$!
{
	archiveVersion = 1;
	classes = {
	};
	objectVersion = 52;
	objects = {

/* Begin PBXBuildFile section */
		CB253F3B26D58C5A00E58891 /* NewsAPIViewModel.swift in Sources */ = {isa = PBXBuildFile; fileRef = CB253F3A26D58C5A00E58891 /* NewsAPIViewModel.swift */; };
		CB253F3F26D58FF500E58891 /* NewsAPI in Frameworks */ = {isa = PBXBuildFile; productRef = CB253F3E26D58FF500E58891 /* NewsAPI */; };
		CB316E8A267AB58A00E1E1F4 /* otus_ios_homework1App.swift in Sources */ = {isa = PBXBuildFile; fileRef = CB316E89267AB58A00E1E1F4 /* otus_ios_homework1App.swift */; };
		CB316E8C267AB58A00E1E1F4 /* ContentView.swift in Sources */ = {isa = PBXBuildFile; fileRef = CB316E8B267AB58A00E1E1F4 /* ContentView.swift */; };
		CB316E8E267AB58C00E1E1F4 /* Assets.xcassets in Resources */ = {isa = PBXBuildFile; fileRef = CB316E8D267AB58C00E1E1F4 /* Assets.xcassets */; };
		CB316E91267AB58C00E1E1F4 /* Preview Assets.xcassets in Resources */ = {isa = PBXBuildFile; fileRef = CB316E90267AB58C00E1E1F4 /* Preview Assets.xcassets */; };
		CB39CF8A26FC956E0078F692 /* ServiceLocator.swift in Sources */ = {isa = PBXBuildFile; fileRef = CB39CF8926FC956E0078F692 /* ServiceLocator.swift */; };
		CB39CF8C26FC96F40078F692 /* Injected.swift in Sources */ = {isa = PBXBuildFile; fileRef = CB39CF8B26FC96F40078F692 /* Injected.swift */; };
		CB39CF8E26FCA5E30078F692 /* ArticleQueryParams.swift in Sources */ = {isa = PBXBuildFile; fileRef = CB39CF8D26FCA5E30078F692 /* ArticleQueryParams.swift */; };
		CB39CF9026FCA5FF0078F692 /* CustomError.swift in Sources */ = {isa = PBXBuildFile; fileRef = CB39CF8F26FCA5FF0078F692 /* CustomError.swift */; };
		CB39CF9426FCA9BD0078F692 /* NavigationController.swift in Sources */ = {isa = PBXBuildFile; fileRef = CB39CF9326FCA9BD0078F692 /* NavigationController.swift */; };
		CB39CF9B26FCC2070078F692 /* NewsAPIService.swift in Sources */ = {isa = PBXBuildFile; fileRef = CB39CF9A26FCC2070078F692 /* NewsAPIService.swift */; };
		CB59734326D61F9700BC0BCD /* Article+Identifiable.swift in Sources */ = {isa = PBXBuildFile; fileRef = CB59734226D61F9700BC0BCD /* Article+Identifiable.swift */; };
		CB59734526D6255D00BC0BCD /* NewsListScreen.swift in Sources */ = {isa = PBXBuildFile; fileRef = CB59734426D6255D00BC0BCD /* NewsListScreen.swift */; };
		CB59734726D6289E00BC0BCD /* Collection.swift in Sources */ = {isa = PBXBuildFile; fileRef = CB59734626D6289E00BC0BCD /* Collection.swift */; };
		CB59734E26D667F300BC0BCD /* ArticleCellView.swift in Sources */ = {isa = PBXBuildFile; fileRef = CB59734D26D667F300BC0BCD /* ArticleCellView.swift */; };
		CB59735026D6680500BC0BCD /* ArticleDetailView.swift in Sources */ = {isa = PBXBuildFile; fileRef = CB59734F26D6680500BC0BCD /* ArticleDetailView.swift */; };
		CB59735226D66A4700BC0BCD /* ArticleMetaData.swift in Sources */ = {isa = PBXBuildFile; fileRef = CB59735126D66A4700BC0BCD /* ArticleMetaData.swift */; };
		CB804BE726FDFF7200A43FD9 /* NewsTopicsService.swift in Sources */ = {isa = PBXBuildFile; fileRef = CB804BE626FDFF7200A43FD9 /* NewsTopicsService.swift */; };
		CB804BE926FE02E700A43FD9 /* UserDefaultsEncoded.swift in Sources */ = {isa = PBXBuildFile; fileRef = CB804BE826FE02E700A43FD9 /* UserDefaultsEncoded.swift */; };
		CB804BEB2701DC2400A43FD9 /* AddNewTopicView.swift in Sources */ = {isa = PBXBuildFile; fileRef = CB804BEA2701DC2400A43FD9 /* AddNewTopicView.swift */; };
/* End PBXBuildFile section */

/* Begin PBXFileReference section */
		CB253F3A26D58C5A00E58891 /* NewsAPIViewModel.swift */ = {isa = PBXFileReference; lastKnownFileType = sourcecode.swift; path = NewsAPIViewModel.swift; sourceTree = "<group>"; };
		CB316E86267AB58A00E1E1F4 /* otus-ios-homework1.app */ = {isa = PBXFileReference; explicitFileType = wrapper.application; includeInIndex = 0; path = "otus-ios-homework1.app"; sourceTree = BUILT_PRODUCTS_DIR; };
		CB316E89267AB58A00E1E1F4 /* otus_ios_homework1App.swift */ = {isa = PBXFileReference; lastKnownFileType = sourcecode.swift; path = otus_ios_homework1App.swift; sourceTree = "<group>"; };
		CB316E8B267AB58A00E1E1F4 /* ContentView.swift */ = {isa = PBXFileReference; lastKnownFileType = sourcecode.swift; path = ContentView.swift; sourceTree = "<group>"; };
		CB316E8D267AB58C00E1E1F4 /* Assets.xcassets */ = {isa = PBXFileReference; lastKnownFileType = folder.assetcatalog; path = Assets.xcassets; sourceTree = "<group>"; };
		CB316E90267AB58C00E1E1F4 /* Preview Assets.xcassets */ = {isa = PBXFileReference; lastKnownFileType = folder.assetcatalog; path = "Preview Assets.xcassets"; sourceTree = "<group>"; };
		CB316E92267AB58C00E1E1F4 /* Info.plist */ = {isa = PBXFileReference; lastKnownFileType = text.plist.xml; path = Info.plist; sourceTree = "<group>"; };
		CB39CF8926FC956E0078F692 /* ServiceLocator.swift */ = {isa = PBXFileReference; lastKnownFileType = sourcecode.swift; path = ServiceLocator.swift; sourceTree = "<group>"; };
		CB39CF8B26FC96F40078F692 /* Injected.swift */ = {isa = PBXFileReference; lastKnownFileType = sourcecode.swift; path = Injected.swift; sourceTree = "<group>"; };
		CB39CF8D26FCA5E30078F692 /* ArticleQueryParams.swift */ = {isa = PBXFileReference; lastKnownFileType = sourcecode.swift; path = ArticleQueryParams.swift; sourceTree = "<group>"; };
		CB39CF8F26FCA5FF0078F692 /* CustomError.swift */ = {isa = PBXFileReference; lastKnownFileType = sourcecode.swift; path = CustomError.swift; sourceTree = "<group>"; };
		CB39CF9326FCA9BD0078F692 /* NavigationController.swift */ = {isa = PBXFileReference; lastKnownFileType = sourcecode.swift; path = NavigationController.swift; sourceTree = "<group>"; };
		CB39CF9A26FCC2070078F692 /* NewsAPIService.swift */ = {isa = PBXFileReference; lastKnownFileType = sourcecode.swift; path = NewsAPIService.swift; sourceTree = "<group>"; };
		CB59734226D61F9700BC0BCD /* Article+Identifiable.swift */ = {isa = PBXFileReference; lastKnownFileType = sourcecode.swift; path = "Article+Identifiable.swift"; sourceTree = "<group>"; };
		CB59734426D6255D00BC0BCD /* NewsListScreen.swift */ = {isa = PBXFileReference; lastKnownFileType = sourcecode.swift; path = NewsListScreen.swift; sourceTree = "<group>"; };
		CB59734626D6289E00BC0BCD /* Collection.swift */ = {isa = PBXFileReference; lastKnownFileType = sourcecode.swift; path = Collection.swift; sourceTree = "<group>"; };
		CB59734D26D667F300BC0BCD /* ArticleCellView.swift */ = {isa = PBXFileReference; lastKnownFileType = sourcecode.swift; path = ArticleCellView.swift; sourceTree = "<group>"; };
		CB59734F26D6680500BC0BCD /* ArticleDetailView.swift */ = {isa = PBXFileReference; lastKnownFileType = sourcecode.swift; path = ArticleDetailView.swift; sourceTree = "<group>"; };
		CB59735126D66A4700BC0BCD /* ArticleMetaData.swift */ = {isa = PBXFileReference; lastKnownFileType = sourcecode.swift; path = ArticleMetaData.swift; sourceTree = "<group>"; };
		CB804BE626FDFF7200A43FD9 /* NewsTopicsService.swift */ = {isa = PBXFileReference; lastKnownFileType = sourcecode.swift; path = NewsTopicsService.swift; sourceTree = "<group>"; };
		CB804BE826FE02E700A43FD9 /* UserDefaultsEncoded.swift */ = {isa = PBXFileReference; lastKnownFileType = sourcecode.swift; path = UserDefaultsEncoded.swift; sourceTree = "<group>"; };
		CB804BEA2701DC2400A43FD9 /* AddNewTopicView.swift */ = {isa = PBXFileReference; lastKnownFileType = sourcecode.swift; path = AddNewTopicView.swift; sourceTree = "<group>"; };
		CBB1DCB22684E104006E20C0 /* Networking */ = {isa = PBXFileReference; lastKnownFileType = text; name = Networking; path = Modules/Networking; sourceTree = SOURCE_ROOT; };
/* End PBXFileReference section */

/* Begin PBXFrameworksBuildPhase section */
		CB316E83267AB58A00E1E1F4 /* Frameworks */ = {
			isa = PBXFrameworksBuildPhase;
			buildActionMask = 2147483647;
			files = (
				CB253F3F26D58FF500E58891 /* NewsAPI in Frameworks */,
			);
			runOnlyForDeploymentPostprocessing = 0;
		};
/* End PBXFrameworksBuildPhase section */

/* Begin PBXGroup section */
		CB316E7D267AB58A00E1E1F4 = {
			isa = PBXGroup;
			children = (
				CB316E88267AB58A00E1E1F4 /* otus-ios-homework1 */,
				CB316E87267AB58A00E1E1F4 /* Products */,
				CBB1DCB32684E146006E20C0 /* Frameworks */,
			);
			sourceTree = "<group>";
		};
		CB316E87267AB58A00E1E1F4 /* Products */ = {
			isa = PBXGroup;
			children = (
				CB316E86267AB58A00E1E1F4 /* otus-ios-homework1.app */,
			);
			name = Products;
			sourceTree = "<group>";
		};
		CB316E88267AB58A00E1E1F4 /* otus-ios-homework1 */ = {
			isa = PBXGroup;
			children = (
				CB39CF8826FC952F0078F692 /* ServiceLocator */,
				CB59734B26D667C800BC0BCD /* News */,
				CB59734826D661DC00BC0BCD /* Components */,
				CBB1DCB22684E104006E20C0 /* Networking */,
				CB60615A2684E25200C1526A /* Extensions */,
				CB316E98267AB59300E1E1F4 /* Services */,
				CB316E89267AB58A00E1E1F4 /* otus_ios_homework1App.swift */,
				CB316E8B267AB58A00E1E1F4 /* ContentView.swift */,
				CB316E8D267AB58C00E1E1F4 /* Assets.xcassets */,
				CB316E92267AB58C00E1E1F4 /* Info.plist */,
				CB316E8F267AB58C00E1E1F4 /* Preview Content */,
			);
			path = "otus-ios-homework1";
			sourceTree = "<group>";
		};
		CB316E8F267AB58C00E1E1F4 /* Preview Content */ = {
			isa = PBXGroup;
			children = (
				CB316E90267AB58C00E1E1F4 /* Preview Assets.xcassets */,
			);
			path = "Preview Content";
			sourceTree = "<group>";
		};
		CB316E98267AB59300E1E1F4 /* Services */ = {
			isa = PBXGroup;
			children = (
				CB253F3A26D58C5A00E58891 /* NewsAPIViewModel.swift */,
				CB39CF9A26FCC2070078F692 /* NewsAPIService.swift */,
				CB804BE626FDFF7200A43FD9 /* NewsTopicsService.swift */,
			);
			path = Services;
			sourceTree = "<group>";
		};
		CB39CF8826FC952F0078F692 /* ServiceLocator */ = {
			isa = PBXGroup;
			children = (
				CB39CF8926FC956E0078F692 /* ServiceLocator.swift */,
				CB39CF8B26FC96F40078F692 /* Injected.swift */,
			);
			path = ServiceLocator;
			sourceTree = "<group>";
		};
		CB59734826D661DC00BC0BCD /* Components */ = {
			isa = PBXGroup;
			children = (
				CB39CF9326FCA9BD0078F692 /* NavigationController.swift */,
			);
			path = Components;
			sourceTree = "<group>";
		};
		CB59734B26D667C800BC0BCD /* News */ = {
			isa = PBXGroup;
			children = (
				CB59734426D6255D00BC0BCD /* NewsListScreen.swift */,
				CB59734D26D667F300BC0BCD /* ArticleCellView.swift */,
				CB59734F26D6680500BC0BCD /* ArticleDetailView.swift */,
				CB59735126D66A4700BC0BCD /* ArticleMetaData.swift */,
				CB39CF8D26FCA5E30078F692 /* ArticleQueryParams.swift */,
				CB39CF8F26FCA5FF0078F692 /* CustomError.swift */,
				CB804BEA2701DC2400A43FD9 /* AddNewTopicView.swift */,
			);
			path = News;
			sourceTree = "<group>";
		};
		CB60615A2684E25200C1526A /* Extensions */ = {
			isa = PBXGroup;
			children = (
				CB59734226D61F9700BC0BCD /* Article+Identifiable.swift */,
				CB59734626D6289E00BC0BCD /* Collection.swift */,
				CB804BE826FE02E700A43FD9 /* UserDefaultsEncoded.swift */,
			);
			path = Extensions;
			sourceTree = "<group>";
		};
		CBB1DCB32684E146006E20C0 /* Frameworks */ = {
			isa = PBXGroup;
			children = (
			);
			name = Frameworks;
			sourceTree = "<group>";
		};
/* End PBXGroup section */

/* Begin PBXNativeTarget section */
		CB316E85267AB58A00E1E1F4 /* otus-ios-homework1 */ = {
			isa = PBXNativeTarget;
			buildConfigurationList = CB316E95267AB58C00E1E1F4 /* Build configuration list for PBXNativeTarget "otus-ios-homework1" */;
			buildPhases = (
				CB316E82267AB58A00E1E1F4 /* Sources */,
				CB316E83267AB58A00E1E1F4 /* Frameworks */,
				CB316E84267AB58A00E1E1F4 /* Resources */,
			);
			buildRules = (
			);
			dependencies = (
			);
			name = "otus-ios-homework1";
			packageProductDependencies = (
				CB253F3E26D58FF500E58891 /* NewsAPI */,
			);
			productName = "otus-ios-homework1";
			productReference = CB316E86267AB58A00E1E1F4 /* otus-ios-homework1.app */;
			productType = "com.apple.product-type.application";
		};
/* End PBXNativeTarget section */

/* Begin PBXProject section */
		CB316E7E267AB58A00E1E1F4 /* Project object */ = {
			isa = PBXProject;
			attributes = {
				LastSwiftUpdateCheck = 1250;
				LastUpgradeCheck = 1250;
				TargetAttributes = {
					CB316E85267AB58A00E1E1F4 = {
						CreatedOnToolsVersion = 12.5;
					};
				};
			};
			buildConfigurationList = CB316E81267AB58A00E1E1F4 /* Build configuration list for PBXProject "otus-ios-homework1" */;
			compatibilityVersion = "Xcode 9.3";
			developmentRegion = en;
			hasScannedForEncodings = 0;
			knownRegions = (
				en,
				Base,
			);
			mainGroup = CB316E7D267AB58A00E1E1F4;
			packageReferences = (
			);
			productRefGroup = CB316E87267AB58A00E1E1F4 /* Products */;
			projectDirPath = "";
			projectRoot = "";
			targets = (
				CB316E85267AB58A00E1E1F4 /* otus-ios-homework1 */,
			);
		};
/* End PBXProject section */

/* Begin PBXResourcesBuildPhase section */
		CB316E84267AB58A00E1E1F4 /* Resources */ = {
			isa = PBXResourcesBuildPhase;
			buildActionMask = 2147483647;
			files = (
				CB316E91267AB58C00E1E1F4 /* Preview Assets.xcassets in Resources */,
				CB316E8E267AB58C00E1E1F4 /* Assets.xcassets in Resources */,
			);
			runOnlyForDeploymentPostprocessing = 0;
		};
/* End PBXResourcesBuildPhase section */

/* Begin PBXSourcesBuildPhase section */
		CB316E82267AB58A00E1E1F4 /* Sources */ = {
			isa = PBXSourcesBuildPhase;
			buildActionMask = 2147483647;
			files = (
				CB39CF9426FCA9BD0078F692 /* NavigationController.swift in Sources */,
				CB804BE926FE02E700A43FD9 /* UserDefaultsEncoded.swift in Sources */,
				CB316E8C267AB58A00E1E1F4 /* ContentView.swift in Sources */,
				CB253F3B26D58C5A00E58891 /* NewsAPIViewModel.swift in Sources */,
				CB39CF8C26FC96F40078F692 /* Injected.swift in Sources */,
				CB59734526D6255D00BC0BCD /* NewsListScreen.swift in Sources */,
				CB39CF8A26FC956E0078F692 /* ServiceLocator.swift in Sources */,
				CB804BEB2701DC2400A43FD9 /* AddNewTopicView.swift in Sources */,
				CB59734326D61F9700BC0BCD /* Article+Identifiable.swift in Sources */,
				CB39CF9B26FCC2070078F692 /* NewsAPIService.swift in Sources */,
				CB59734726D6289E00BC0BCD /* Collection.swift in Sources */,
				CB804BE726FDFF7200A43FD9 /* NewsTopicsService.swift in Sources */,
				CB59734E26D667F300BC0BCD /* ArticleCellView.swift in Sources */,
				CB316E8A267AB58A00E1E1F4 /* otus_ios_homework1App.swift in Sources */,
				CB39CF9026FCA5FF0078F692 /* CustomError.swift in Sources */,
				CB59735026D6680500BC0BCD /* ArticleDetailView.swift in Sources */,
				CB59735226D66A4700BC0BCD /* ArticleMetaData.swift in Sources */,
				CB39CF8E26FCA5E30078F692 /* ArticleQueryParams.swift in Sources */,
			);
			runOnlyForDeploymentPostprocessing = 0;
		};
/* End PBXSourcesBuildPhase section */

/* Begin XCBuildConfiguration section */
		CB316E93267AB58C00E1E1F4 /* Debug */ = {
			isa = XCBuildConfiguration;
			buildSettings = {
				ALWAYS_SEARCH_USER_PATHS = NO;
				CLANG_ANALYZER_NONNULL = YES;
				CLANG_ANALYZER_NUMBER_OBJECT_CONVERSION = YES_AGGRESSIVE;
				CLANG_CXX_LANGUAGE_STANDARD = "gnu++14";
				CLANG_CXX_LIBRARY = "libc++";
				CLANG_ENABLE_MODULES = YES;
				CLANG_ENABLE_OBJC_ARC = YES;
				CLANG_ENABLE_OBJC_WEAK = YES;
				CLANG_WARN_BLOCK_CAPTURE_AUTORELEASING = YES;
				CLANG_WARN_BOOL_CONVERSION = YES;
				CLANG_WARN_COMMA = YES;
				CLANG_WARN_CONSTANT_CONVERSION = YES;
				CLANG_WARN_DEPRECATED_OBJC_IMPLEMENTATIONS = YES;
				CLANG_WARN_DIRECT_OBJC_ISA_USAGE = YES_ERROR;
				CLANG_WARN_DOCUMENTATION_COMMENTS = YES;
				CLANG_WARN_EMPTY_BODY = YES;
				CLANG_WARN_ENUM_CONVERSION = YES;
				CLANG_WARN_INFINITE_RECURSION = YES;
				CLANG_WARN_INT_CONVERSION = YES;
				CLANG_WARN_NON_LITERAL_NULL_CONVERSION = YES;
				CLANG_WARN_OBJC_IMPLICIT_RETAIN_SELF = YES;
				CLANG_WARN_OBJC_LITERAL_CONVERSION = YES;
				CLANG_WARN_OBJC_ROOT_CLASS = YES_ERROR;
				CLANG_WARN_QUOTED_INCLUDE_IN_FRAMEWORK_HEADER = YES;
				CLANG_WARN_RANGE_LOOP_ANALYSIS = YES;
				CLANG_WARN_STRICT_PROTOTYPES = YES;
				CLANG_WARN_SUSPICIOUS_MOVE = YES;
				CLANG_WARN_UNGUARDED_AVAILABILITY = YES_AGGRESSIVE;
				CLANG_WARN_UNREACHABLE_CODE = YES;
				CLANG_WARN__DUPLICATE_METHOD_MATCH = YES;
				COPY_PHASE_STRIP = NO;
				DEBUG_INFORMATION_FORMAT = dwarf;
				ENABLE_STRICT_OBJC_MSGSEND = YES;
				ENABLE_TESTABILITY = YES;
				GCC_C_LANGUAGE_STANDARD = gnu11;
				GCC_DYNAMIC_NO_PIC = NO;
				GCC_NO_COMMON_BLOCKS = YES;
				GCC_OPTIMIZATION_LEVEL = 0;
				GCC_PREPROCESSOR_DEFINITIONS = (
					"DEBUG=1",
					"$(inherited)",
				);
				GCC_WARN_64_TO_32_BIT_CONVERSION = YES;
				GCC_WARN_ABOUT_RETURN_TYPE = YES_ERROR;
				GCC_WARN_UNDECLARED_SELECTOR = YES;
				GCC_WARN_UNINITIALIZED_AUTOS = YES_AGGRESSIVE;
				GCC_WARN_UNUSED_FUNCTION = YES;
				GCC_WARN_UNUSED_VARIABLE = YES;
				IPHONEOS_DEPLOYMENT_TARGET = 14.5;
				MTL_ENABLE_DEBUG_INFO = INCLUDE_SOURCE;
				MTL_FAST_MATH = YES;
				ONLY_ACTIVE_ARCH = YES;
				SDKROOT = iphoneos;
				SWIFT_ACTIVE_COMPILATION_CONDITIONS = DEBUG;
				SWIFT_OPTIMIZATION_LEVEL = "-Onone";
			};
			name = Debug;
		};
		CB316E94267AB58C00E1E1F4 /* Release */ = {
			isa = XCBuildConfiguration;
			buildSettings = {
				ALWAYS_SEARCH_USER_PATHS = NO;
				CLANG_ANALYZER_NONNULL = YES;
				CLANG_ANALYZER_NUMBER_OBJECT_CONVERSION = YES_AGGRESSIVE;
				CLANG_CXX_LANGUAGE_STANDARD = "gnu++14";
				CLANG_CXX_LIBRARY = "libc++";
				CLANG_ENABLE_MODULES = YES;
				CLANG_ENABLE_OBJC_ARC = YES;
				CLANG_ENABLE_OBJC_WEAK = YES;
				CLANG_WARN_BLOCK_CAPTURE_AUTORELEASING = YES;
				CLANG_WARN_BOOL_CONVERSION = YES;
				CLANG_WARN_COMMA = YES;
				CLANG_WARN_CONSTANT_CONVERSION = YES;
				CLANG_WARN_DEPRECATED_OBJC_IMPLEMENTATIONS = YES;
				CLANG_WARN_DIRECT_OBJC_ISA_USAGE = YES_ERROR;
				CLANG_WARN_DOCUMENTATION_COMMENTS = YES;
				CLANG_WARN_EMPTY_BODY = YES;
				CLANG_WARN_ENUM_CONVERSION = YES;
				CLANG_WARN_INFINITE_RECURSION = YES;
				CLANG_WARN_INT_CONVERSION = YES;
				CLANG_WARN_NON_LITERAL_NULL_CONVERSION = YES;
				CLANG_WARN_OBJC_IMPLICIT_RETAIN_SELF = YES;
				CLANG_WARN_OBJC_LITERAL_CONVERSION = YES;
				CLANG_WARN_OBJC_ROOT_CLASS = YES_ERROR;
				CLANG_WARN_QUOTED_INCLUDE_IN_FRAMEWORK_HEADER = YES;
				CLANG_WARN_RANGE_LOOP_ANALYSIS = YES;
				CLANG_WARN_STRICT_PROTOTYPES = YES;
				CLANG_WARN_SUSPICIOUS_MOVE = YES;
				CLANG_WARN_UNGUARDED_AVAILABILITY = YES_AGGRESSIVE;
				CLANG_WARN_UNREACHABLE_CODE = YES;
				CLANG_WARN__DUPLICATE_METHOD_MATCH = YES;
				COPY_PHASE_STRIP = NO;
				DEBUG_INFORMATION_FORMAT = "dwarf-with-dsym";
				ENABLE_NS_ASSERTIONS = NO;
				ENABLE_STRICT_OBJC_MSGSEND = YES;
				GCC_C_LANGUAGE_STANDARD = gnu11;
				GCC_NO_COMMON_BLOCKS = YES;
				GCC_WARN_64_TO_32_BIT_CONVERSION = YES;
				GCC_WARN_ABOUT_RETURN_TYPE = YES_ERROR;
				GCC_WARN_UNDECLARED_SELECTOR = YES;
				GCC_WARN_UNINITIALIZED_AUTOS = YES_AGGRESSIVE;
				GCC_WARN_UNUSED_FUNCTION = YES;
				GCC_WARN_UNUSED_VARIABLE = YES;
				IPHONEOS_DEPLOYMENT_TARGET = 14.5;
				MTL_ENABLE_DEBUG_INFO = NO;
				MTL_FAST_MATH = YES;
				SDKROOT = iphoneos;
				SWIFT_COMPILATION_MODE = wholemodule;
				SWIFT_OPTIMIZATION_LEVEL = "-O";
				VALIDATE_PRODUCT = YES;
			};
			name = Release;
		};
		CB316E96267AB58C00E1E1F4 /* Debug */ = {
			isa = XCBuildConfiguration;
			buildSettings = {
				ASSETCATALOG_COMPILER_APPICON_NAME = AppIcon;
				ASSETCATALOG_COMPILER_GLOBAL_ACCENT_COLOR_NAME = AccentColor;
				CODE_SIGN_STYLE = Automatic;
				DEVELOPMENT_ASSET_PATHS = "\"otus-ios-homework1/Preview Content\"";
				DEVELOPMENT_TEAM = P3VKCDARX4;
				ENABLE_PREVIEWS = YES;
				INFOPLIST_FILE = "otus-ios-homework1/Info.plist";
				IPHONEOS_DEPLOYMENT_TARGET = 14.0;
				LD_RUNPATH_SEARCH_PATHS = (
					"$(inherited)",
					"@executable_path/Frameworks",
				);
				PRODUCT_BUNDLE_IDENTIFIER = "one.beagile.otus-ios-homework1";
				PRODUCT_NAME = "$(TARGET_NAME)";
				SWIFT_VERSION = 5.0;
				TARGETED_DEVICE_FAMILY = "1,2";
			};
			name = Debug;
		};
		CB316E97267AB58C00E1E1F4 /* Release */ = {
			isa = XCBuildConfiguration;
			buildSettings = {
				ASSETCATALOG_COMPILER_APPICON_NAME = AppIcon;
				ASSETCATALOG_COMPILER_GLOBAL_ACCENT_COLOR_NAME = AccentColor;
				CODE_SIGN_STYLE = Automatic;
				DEVELOPMENT_ASSET_PATHS = "\"otus-ios-homework1/Preview Content\"";
				DEVELOPMENT_TEAM = P3VKCDARX4;
				ENABLE_PREVIEWS = YES;
				INFOPLIST_FILE = "otus-ios-homework1/Info.plist";
				IPHONEOS_DEPLOYMENT_TARGET = 14.0;
				LD_RUNPATH_SEARCH_PATHS = (
					"$(inherited)",
					"@executable_path/Frameworks",
				);
				PRODUCT_BUNDLE_IDENTIFIER = "one.beagile.otus-ios-homework1";
				PRODUCT_NAME = "$(TARGET_NAME)";
				SWIFT_VERSION = 5.0;
				TARGETED_DEVICE_FAMILY = "1,2";
			};
			name = Release;
		};
/* End XCBuildConfiguration section */

/* Begin XCConfigurationList section */
		CB316E81267AB58A00E1E1F4 /* Build configuration list for PBXProject "otus-ios-homework1" */ = {
			isa = XCConfigurationList;
			buildConfigurations = (
				CB316E93267AB58C00E1E1F4 /* Debug */,
				CB316E94267AB58C00E1E1F4 /* Release */,
			);
			defaultConfigurationIsVisible = 0;
			defaultConfigurationName = Release;
		};
		CB316E95267AB58C00E1E1F4 /* Build configuration list for PBXNativeTarget "otus-ios-homework1" */ = {
			isa = XCConfigurationList;
			buildConfigurations = (
				CB316E96267AB58C00E1E1F4 /* Debug */,
				CB316E97267AB58C00E1E1F4 /* Release */,
			);
			defaultConfigurationIsVisible = 0;
			defaultConfigurationName = Release;
		};
/* End XCConfigurationList section */

/* Begin XCSwiftPackageProductDependency section */
		CB253F3E26D58FF500E58891 /* NewsAPI */ = {
			isa = XCSwiftPackageProductDependency;
			productName = NewsAPI;
		};
/* End XCSwiftPackageProductDependency section */
	};
	rootObject = CB316E7E267AB58A00E1E1F4 /* Project object */;
}
