// !$*UTF8*$!
{
	archiveVersion = 1;
	classes = {
	};
	objectVersion = 55;
	objects = {

/* Begin PBXBuildFile section */
		CB18F3E8270A256D004DBEDF /* SuffixSequence.swift in Sources */ = {isa = PBXBuildFile; fileRef = CB18F3E7270A256D004DBEDF /* SuffixSequence.swift */; };
		CB18F3F5271747AE004DBEDF /* AddWordScreen.swift in Sources */ = {isa = PBXBuildFile; fileRef = CB18F3F4271747AE004DBEDF /* AddWordScreen.swift */; };
		CB18F3F7271747C4004DBEDF /* SuffixCounterService.swift in Sources */ = {isa = PBXBuildFile; fileRef = CB18F3F6271747C4004DBEDF /* SuffixCounterService.swift */; };
		CB18F3F927174898004DBEDF /* StatsScreen.swift in Sources */ = {isa = PBXBuildFile; fileRef = CB18F3F827174898004DBEDF /* StatsScreen.swift */; };
		CB3824E72717563F0022E3DA /* SuffixCount.swift in Sources */ = {isa = PBXBuildFile; fileRef = CB3824E62717563F0022E3DA /* SuffixCount.swift */; };
		CB3824E8271756570022E3DA /* SuffixCount.swift in Sources */ = {isa = PBXBuildFile; fileRef = CB3824E62717563F0022E3DA /* SuffixCount.swift */; };
		CBB6DEF6270A1EBD00043BCE /* otus_ios_homeworkApp.swift in Sources */ = {isa = PBXBuildFile; fileRef = CBB6DEF5270A1EBD00043BCE /* otus_ios_homeworkApp.swift */; };
		CBB6DEF8270A1EBD00043BCE /* ContentView.swift in Sources */ = {isa = PBXBuildFile; fileRef = CBB6DEF7270A1EBD00043BCE /* ContentView.swift */; };
		CBB6DEFA270A1EC000043BCE /* Assets.xcassets in Resources */ = {isa = PBXBuildFile; fileRef = CBB6DEF9270A1EC000043BCE /* Assets.xcassets */; };
		CBB6DEFD270A1EC000043BCE /* Preview Assets.xcassets in Resources */ = {isa = PBXBuildFile; fileRef = CBB6DEFC270A1EC000043BCE /* Preview Assets.xcassets */; };
		CBB6DF22270A206E00043BCE /* WidgetKit.framework in Frameworks */ = {isa = PBXBuildFile; fileRef = CBB6DF09270A1FE500043BCE /* WidgetKit.framework */; };
		CBB6DF23270A206E00043BCE /* SwiftUI.framework in Frameworks */ = {isa = PBXBuildFile; fileRef = CBB6DF0B270A1FE500043BCE /* SwiftUI.framework */; };
		CBB6DF26270A206E00043BCE /* SuffixStatsWidget.swift in Sources */ = {isa = PBXBuildFile; fileRef = CBB6DF25270A206E00043BCE /* SuffixStatsWidget.swift */; };
		CBB6DF29270A207000043BCE /* Assets.xcassets in Resources */ = {isa = PBXBuildFile; fileRef = CBB6DF28270A207000043BCE /* Assets.xcassets */; };
		CBB6DF2B270A207000043BCE /* SuffixStatsWidget.intentdefinition in Sources */ = {isa = PBXBuildFile; fileRef = CBB6DF27270A206E00043BCE /* SuffixStatsWidget.intentdefinition */; };
		CBB6DF2C270A207000043BCE /* SuffixStatsWidget.intentdefinition in Sources */ = {isa = PBXBuildFile; fileRef = CBB6DF27270A206E00043BCE /* SuffixStatsWidget.intentdefinition */; };
		CBB6DF2F270A207000043BCE /* SuffixStatsWidgetExtension.appex in Embed App Extensions */ = {isa = PBXBuildFile; fileRef = CBB6DF21270A206E00043BCE /* SuffixStatsWidgetExtension.appex */; settings = {ATTRIBUTES = (RemoveHeadersOnCopy, ); }; };
/* End PBXBuildFile section */

/* Begin PBXContainerItemProxy section */
		CBB6DF2D270A207000043BCE /* PBXContainerItemProxy */ = {
			isa = PBXContainerItemProxy;
			containerPortal = CBB6DEEA270A1EBD00043BCE /* Project object */;
			proxyType = 1;
			remoteGlobalIDString = CBB6DF20270A206E00043BCE;
			remoteInfo = SuffixStatsWidgetExtension;
		};
/* End PBXContainerItemProxy section */

/* Begin PBXCopyFilesBuildPhase section */
		CBB6DF19270A1FE700043BCE /* Embed App Extensions */ = {
			isa = PBXCopyFilesBuildPhase;
			buildActionMask = 2147483647;
			dstPath = "";
			dstSubfolderSpec = 13;
			files = (
				CBB6DF2F270A207000043BCE /* SuffixStatsWidgetExtension.appex in Embed App Extensions */,
			);
			name = "Embed App Extensions";
			runOnlyForDeploymentPostprocessing = 0;
		};
/* End PBXCopyFilesBuildPhase section */

/* Begin PBXFileReference section */
		CB18F3E7270A256D004DBEDF /* SuffixSequence.swift */ = {isa = PBXFileReference; lastKnownFileType = sourcecode.swift; path = SuffixSequence.swift; sourceTree = "<group>"; };
		CB18F3F2271738C8004DBEDF /* otus-ios-homework.entitlements */ = {isa = PBXFileReference; lastKnownFileType = text.plist.entitlements; path = "otus-ios-homework.entitlements"; sourceTree = "<group>"; };
		CB18F3F327173DD4004DBEDF /* SuffixStatsWidgetExtension.entitlements */ = {isa = PBXFileReference; lastKnownFileType = text.plist.entitlements; path = SuffixStatsWidgetExtension.entitlements; sourceTree = "<group>"; };
		CB18F3F4271747AE004DBEDF /* AddWordScreen.swift */ = {isa = PBXFileReference; lastKnownFileType = sourcecode.swift; path = AddWordScreen.swift; sourceTree = "<group>"; };
		CB18F3F6271747C4004DBEDF /* SuffixCounterService.swift */ = {isa = PBXFileReference; lastKnownFileType = sourcecode.swift; path = SuffixCounterService.swift; sourceTree = "<group>"; };
		CB18F3F827174898004DBEDF /* StatsScreen.swift */ = {isa = PBXFileReference; lastKnownFileType = sourcecode.swift; path = StatsScreen.swift; sourceTree = "<group>"; };
		CB3824E62717563F0022E3DA /* SuffixCount.swift */ = {isa = PBXFileReference; lastKnownFileType = sourcecode.swift; path = SuffixCount.swift; sourceTree = "<group>"; };
		CBB6DEF2270A1EBD00043BCE /* otus-ios-homework.app */ = {isa = PBXFileReference; explicitFileType = wrapper.application; includeInIndex = 0; path = "otus-ios-homework.app"; sourceTree = BUILT_PRODUCTS_DIR; };
		CBB6DEF5270A1EBD00043BCE /* otus_ios_homeworkApp.swift */ = {isa = PBXFileReference; lastKnownFileType = sourcecode.swift; path = otus_ios_homeworkApp.swift; sourceTree = "<group>"; };
		CBB6DEF7270A1EBD00043BCE /* ContentView.swift */ = {isa = PBXFileReference; lastKnownFileType = sourcecode.swift; path = ContentView.swift; sourceTree = "<group>"; };
		CBB6DEF9270A1EC000043BCE /* Assets.xcassets */ = {isa = PBXFileReference; lastKnownFileType = folder.assetcatalog; path = Assets.xcassets; sourceTree = "<group>"; };
		CBB6DEFC270A1EC000043BCE /* Preview Assets.xcassets */ = {isa = PBXFileReference; lastKnownFileType = folder.assetcatalog; path = "Preview Assets.xcassets"; sourceTree = "<group>"; };
		CBB6DF09270A1FE500043BCE /* WidgetKit.framework */ = {isa = PBXFileReference; lastKnownFileType = wrapper.framework; name = WidgetKit.framework; path = System/Library/Frameworks/WidgetKit.framework; sourceTree = SDKROOT; };
		CBB6DF0B270A1FE500043BCE /* SwiftUI.framework */ = {isa = PBXFileReference; lastKnownFileType = wrapper.framework; name = SwiftUI.framework; path = System/Library/Frameworks/SwiftUI.framework; sourceTree = SDKROOT; };
		CBB6DF21270A206E00043BCE /* SuffixStatsWidgetExtension.appex */ = {isa = PBXFileReference; explicitFileType = "wrapper.app-extension"; includeInIndex = 0; path = SuffixStatsWidgetExtension.appex; sourceTree = BUILT_PRODUCTS_DIR; };
		CBB6DF25270A206E00043BCE /* SuffixStatsWidget.swift */ = {isa = PBXFileReference; lastKnownFileType = sourcecode.swift; path = SuffixStatsWidget.swift; sourceTree = "<group>"; };
		CBB6DF27270A206E00043BCE /* SuffixStatsWidget.intentdefinition */ = {isa = PBXFileReference; lastKnownFileType = file.intentdefinition; path = SuffixStatsWidget.intentdefinition; sourceTree = "<group>"; };
		CBB6DF28270A207000043BCE /* Assets.xcassets */ = {isa = PBXFileReference; lastKnownFileType = folder.assetcatalog; path = Assets.xcassets; sourceTree = "<group>"; };
		CBB6DF2A270A207000043BCE /* Info.plist */ = {isa = PBXFileReference; lastKnownFileType = text.plist.xml; path = Info.plist; sourceTree = "<group>"; };
/* End PBXFileReference section */

/* Begin PBXFrameworksBuildPhase section */
		CBB6DEEF270A1EBD00043BCE /* Frameworks */ = {
			isa = PBXFrameworksBuildPhase;
			buildActionMask = 2147483647;
			files = (
			);
			runOnlyForDeploymentPostprocessing = 0;
		};
		CBB6DF1E270A206E00043BCE /* Frameworks */ = {
			isa = PBXFrameworksBuildPhase;
			buildActionMask = 2147483647;
			files = (
				CBB6DF23270A206E00043BCE /* SwiftUI.framework in Frameworks */,
				CBB6DF22270A206E00043BCE /* WidgetKit.framework in Frameworks */,
			);
			runOnlyForDeploymentPostprocessing = 0;
		};
/* End PBXFrameworksBuildPhase section */

/* Begin PBXGroup section */
		CB3824E5271756280022E3DA /* Shared */ = {
			isa = PBXGroup;
			children = (
				CB3824E62717563F0022E3DA /* SuffixCount.swift */,
			);
			path = Shared;
			sourceTree = "<group>";
		};
		CBB6DEE9270A1EBD00043BCE = {
			isa = PBXGroup;
			children = (
				CB3824E5271756280022E3DA /* Shared */,
				CB18F3F327173DD4004DBEDF /* SuffixStatsWidgetExtension.entitlements */,
				CBB6DEF4270A1EBD00043BCE /* otus-ios-homework */,
				CBB6DF24270A206E00043BCE /* SuffixStatsWidget */,
				CBB6DF08270A1FE500043BCE /* Frameworks */,
				CBB6DEF3270A1EBD00043BCE /* Products */,
			);
			sourceTree = "<group>";
		};
		CBB6DEF3270A1EBD00043BCE /* Products */ = {
			isa = PBXGroup;
			children = (
				CBB6DEF2270A1EBD00043BCE /* otus-ios-homework.app */,
				CBB6DF21270A206E00043BCE /* SuffixStatsWidgetExtension.appex */,
			);
			name = Products;
			sourceTree = "<group>";
		};
		CBB6DEF4270A1EBD00043BCE /* otus-ios-homework */ = {
			isa = PBXGroup;
			children = (
				CB18F3F2271738C8004DBEDF /* otus-ios-homework.entitlements */,
				CBB6DEF5270A1EBD00043BCE /* otus_ios_homeworkApp.swift */,
				CBB6DEF7270A1EBD00043BCE /* ContentView.swift */,
				CBB6DEF9270A1EC000043BCE /* Assets.xcassets */,
				CBB6DEFB270A1EC000043BCE /* Preview Content */,
				CB18F3E7270A256D004DBEDF /* SuffixSequence.swift */,
				CB18F3F4271747AE004DBEDF /* AddWordScreen.swift */,
				CB18F3F6271747C4004DBEDF /* SuffixCounterService.swift */,
				CB18F3F827174898004DBEDF /* StatsScreen.swift */,
			);
			path = "otus-ios-homework";
			sourceTree = "<group>";
		};
		CBB6DEFB270A1EC000043BCE /* Preview Content */ = {
			isa = PBXGroup;
			children = (
				CBB6DEFC270A1EC000043BCE /* Preview Assets.xcassets */,
			);
			path = "Preview Content";
			sourceTree = "<group>";
		};
		CBB6DF08270A1FE500043BCE /* Frameworks */ = {
			isa = PBXGroup;
			children = (
				CBB6DF09270A1FE500043BCE /* WidgetKit.framework */,
				CBB6DF0B270A1FE500043BCE /* SwiftUI.framework */,
			);
			name = Frameworks;
			sourceTree = "<group>";
		};
		CBB6DF24270A206E00043BCE /* SuffixStatsWidget */ = {
			isa = PBXGroup;
			children = (
				CBB6DF25270A206E00043BCE /* SuffixStatsWidget.swift */,
				CBB6DF27270A206E00043BCE /* SuffixStatsWidget.intentdefinition */,
				CBB6DF28270A207000043BCE /* Assets.xcassets */,
				CBB6DF2A270A207000043BCE /* Info.plist */,
			);
			path = SuffixStatsWidget;
			sourceTree = "<group>";
		};
/* End PBXGroup section */

/* Begin PBXNativeTarget section */
		CBB6DEF1270A1EBD00043BCE /* otus-ios-homework */ = {
			isa = PBXNativeTarget;
			buildConfigurationList = CBB6DF00270A1EC000043BCE /* Build configuration list for PBXNativeTarget "otus-ios-homework" */;
			buildPhases = (
				CBB6DEEE270A1EBD00043BCE /* Sources */,
				CBB6DEEF270A1EBD00043BCE /* Frameworks */,
				CBB6DEF0270A1EBD00043BCE /* Resources */,
				CBB6DF19270A1FE700043BCE /* Embed App Extensions */,
			);
			buildRules = (
			);
			dependencies = (
				CBB6DF2E270A207000043BCE /* PBXTargetDependency */,
			);
			name = "otus-ios-homework";
			productName = "otus-ios-homework";
			productReference = CBB6DEF2270A1EBD00043BCE /* otus-ios-homework.app */;
			productType = "com.apple.product-type.application";
		};
		CBB6DF20270A206E00043BCE /* SuffixStatsWidgetExtension */ = {
			isa = PBXNativeTarget;
			buildConfigurationList = CBB6DF30270A207000043BCE /* Build configuration list for PBXNativeTarget "SuffixStatsWidgetExtension" */;
			buildPhases = (
				CBB6DF1D270A206E00043BCE /* Sources */,
				CBB6DF1E270A206E00043BCE /* Frameworks */,
				CBB6DF1F270A206E00043BCE /* Resources */,
			);
			buildRules = (
			);
			dependencies = (
			);
			name = SuffixStatsWidgetExtension;
			productName = SuffixStatsWidgetExtension;
			productReference = CBB6DF21270A206E00043BCE /* SuffixStatsWidgetExtension.appex */;
			productType = "com.apple.product-type.app-extension";
		};
/* End PBXNativeTarget section */

/* Begin PBXProject section */
		CBB6DEEA270A1EBD00043BCE /* Project object */ = {
			isa = PBXProject;
			attributes = {
				BuildIndependentTargetsInParallel = 1;
				LastSwiftUpdateCheck = 1300;
				LastUpgradeCheck = 1300;
				TargetAttributes = {
					CBB6DEF1270A1EBD00043BCE = {
						CreatedOnToolsVersion = 13.0;
					};
					CBB6DF20270A206E00043BCE = {
						CreatedOnToolsVersion = 13.0;
					};
				};
			};
			buildConfigurationList = CBB6DEED270A1EBD00043BCE /* Build configuration list for PBXProject "otus-ios-homework" */;
			compatibilityVersion = "Xcode 13.0";
			developmentRegion = en;
			hasScannedForEncodings = 0;
			knownRegions = (
				en,
				Base,
			);
			mainGroup = CBB6DEE9270A1EBD00043BCE;
			productRefGroup = CBB6DEF3270A1EBD00043BCE /* Products */;
			projectDirPath = "";
			projectRoot = "";
			targets = (
				CBB6DEF1270A1EBD00043BCE /* otus-ios-homework */,
				CBB6DF20270A206E00043BCE /* SuffixStatsWidgetExtension */,
			);
		};
/* End PBXProject section */

/* Begin PBXResourcesBuildPhase section */
		CBB6DEF0270A1EBD00043BCE /* Resources */ = {
			isa = PBXResourcesBuildPhase;
			buildActionMask = 2147483647;
			files = (
				CBB6DEFD270A1EC000043BCE /* Preview Assets.xcassets in Resources */,
				CBB6DEFA270A1EC000043BCE /* Assets.xcassets in Resources */,
			);
			runOnlyForDeploymentPostprocessing = 0;
		};
		CBB6DF1F270A206E00043BCE /* Resources */ = {
			isa = PBXResourcesBuildPhase;
			buildActionMask = 2147483647;
			files = (
				CBB6DF29270A207000043BCE /* Assets.xcassets in Resources */,
			);
			runOnlyForDeploymentPostprocessing = 0;
		};
/* End PBXResourcesBuildPhase section */

/* Begin PBXSourcesBuildPhase section */
		CBB6DEEE270A1EBD00043BCE /* Sources */ = {
			isa = PBXSourcesBuildPhase;
			buildActionMask = 2147483647;
			files = (
				CB18F3F927174898004DBEDF /* StatsScreen.swift in Sources */,
				CBB6DF2C270A207000043BCE /* SuffixStatsWidget.intentdefinition in Sources */,
				CB3824E72717563F0022E3DA /* SuffixCount.swift in Sources */,
				CB18F3F7271747C4004DBEDF /* SuffixCounterService.swift in Sources */,
				CB18F3E8270A256D004DBEDF /* SuffixSequence.swift in Sources */,
				CBB6DEF8270A1EBD00043BCE /* ContentView.swift in Sources */,
				CB18F3F5271747AE004DBEDF /* AddWordScreen.swift in Sources */,
				CBB6DEF6270A1EBD00043BCE /* otus_ios_homeworkApp.swift in Sources */,
			);
			runOnlyForDeploymentPostprocessing = 0;
		};
		CBB6DF1D270A206E00043BCE /* Sources */ = {
			isa = PBXSourcesBuildPhase;
			buildActionMask = 2147483647;
			files = (
				CBB6DF26270A206E00043BCE /* SuffixStatsWidget.swift in Sources */,
				CBB6DF2B270A207000043BCE /* SuffixStatsWidget.intentdefinition in Sources */,
				CB3824E8271756570022E3DA /* SuffixCount.swift in Sources */,
			);
			runOnlyForDeploymentPostprocessing = 0;
		};
/* End PBXSourcesBuildPhase section */

/* Begin PBXTargetDependency section */
		CBB6DF2E270A207000043BCE /* PBXTargetDependency */ = {
			isa = PBXTargetDependency;
			target = CBB6DF20270A206E00043BCE /* SuffixStatsWidgetExtension */;
			targetProxy = CBB6DF2D270A207000043BCE /* PBXContainerItemProxy */;
		};
/* End PBXTargetDependency section */

/* Begin XCBuildConfiguration section */
		CBB6DEFE270A1EC000043BCE /* Debug */ = {
			isa = XCBuildConfiguration;
			buildSettings = {
				ALWAYS_SEARCH_USER_PATHS = NO;
				CLANG_ANALYZER_NONNULL = YES;
				CLANG_ANALYZER_NUMBER_OBJECT_CONVERSION = YES_AGGRESSIVE;
				CLANG_CXX_LANGUAGE_STANDARD = "gnu++17";
				CLANG_CXX_LIBRARY = "libc++";
				CLANG_ENABLE_MODULES = YES;
				CLANG_ENABLE_OBJC_ARC = YES;
				CLANG_ENABLE_OBJC_WEAK = YES;
				CLANG_WARN_BLOCK_CAPTURE_AUTORELEASING = YES;
				CLANG_WARN_BOOL_CONVERSION = YES;
				CLANG_WARN_COMMA = YES;
				CLANG_WARN_CONSTANT_CONVERSION = YES;
				CLANG_WARN_DEPRECATED_OBJC_IMPLEMENTATIONS = YES;
				CLANG_WARN_DIRECT_OBJC_ISA_USAGE = YES_ERROR;
				CLANG_WARN_DOCUMENTATION_COMMENTS = YES;
				CLANG_WARN_EMPTY_BODY = YES;
				CLANG_WARN_ENUM_CONVERSION = YES;
				CLANG_WARN_INFINITE_RECURSION = YES;
				CLANG_WARN_INT_CONVERSION = YES;
				CLANG_WARN_NON_LITERAL_NULL_CONVERSION = YES;
				CLANG_WARN_OBJC_IMPLICIT_RETAIN_SELF = YES;
				CLANG_WARN_OBJC_LITERAL_CONVERSION = YES;
				CLANG_WARN_OBJC_ROOT_CLASS = YES_ERROR;
				CLANG_WARN_QUOTED_INCLUDE_IN_FRAMEWORK_HEADER = YES;
				CLANG_WARN_RANGE_LOOP_ANALYSIS = YES;
				CLANG_WARN_STRICT_PROTOTYPES = YES;
				CLANG_WARN_SUSPICIOUS_MOVE = YES;
				CLANG_WARN_UNGUARDED_AVAILABILITY = YES_AGGRESSIVE;
				CLANG_WARN_UNREACHABLE_CODE = YES;
				CLANG_WARN__DUPLICATE_METHOD_MATCH = YES;
				COPY_PHASE_STRIP = NO;
				DEBUG_INFORMATION_FORMAT = dwarf;
				ENABLE_STRICT_OBJC_MSGSEND = YES;
				ENABLE_TESTABILITY = YES;
				GCC_C_LANGUAGE_STANDARD = gnu11;
				GCC_DYNAMIC_NO_PIC = NO;
				GCC_NO_COMMON_BLOCKS = YES;
				GCC_OPTIMIZATION_LEVEL = 0;
				GCC_PREPROCESSOR_DEFINITIONS = (
					"DEBUG=1",
					"$(inherited)",
				);
				GCC_WARN_64_TO_32_BIT_CONVERSION = YES;
				GCC_WARN_ABOUT_RETURN_TYPE = YES_ERROR;
				GCC_WARN_UNDECLARED_SELECTOR = YES;
				GCC_WARN_UNINITIALIZED_AUTOS = YES_AGGRESSIVE;
				GCC_WARN_UNUSED_FUNCTION = YES;
				GCC_WARN_UNUSED_VARIABLE = YES;
				IPHONEOS_DEPLOYMENT_TARGET = 15.0;
				MTL_ENABLE_DEBUG_INFO = INCLUDE_SOURCE;
				MTL_FAST_MATH = YES;
				ONLY_ACTIVE_ARCH = YES;
				SDKROOT = iphoneos;
				SWIFT_ACTIVE_COMPILATION_CONDITIONS = DEBUG;
				SWIFT_OPTIMIZATION_LEVEL = "-Onone";
			};
			name = Debug;
		};
		CBB6DEFF270A1EC000043BCE /* Release */ = {
			isa = XCBuildConfiguration;
			buildSettings = {
				ALWAYS_SEARCH_USER_PATHS = NO;
				CLANG_ANALYZER_NONNULL = YES;
				CLANG_ANALYZER_NUMBER_OBJECT_CONVERSION = YES_AGGRESSIVE;
				CLANG_CXX_LANGUAGE_STANDARD = "gnu++17";
				CLANG_CXX_LIBRARY = "libc++";
				CLANG_ENABLE_MODULES = YES;
				CLANG_ENABLE_OBJC_ARC = YES;
				CLANG_ENABLE_OBJC_WEAK = YES;
				CLANG_WARN_BLOCK_CAPTURE_AUTORELEASING = YES;
				CLANG_WARN_BOOL_CONVERSION = YES;
				CLANG_WARN_COMMA = YES;
				CLANG_WARN_CONSTANT_CONVERSION = YES;
				CLANG_WARN_DEPRECATED_OBJC_IMPLEMENTATIONS = YES;
				CLANG_WARN_DIRECT_OBJC_ISA_USAGE = YES_ERROR;
				CLANG_WARN_DOCUMENTATION_COMMENTS = YES;
				CLANG_WARN_EMPTY_BODY = YES;
				CLANG_WARN_ENUM_CONVERSION = YES;
				CLANG_WARN_INFINITE_RECURSION = YES;
				CLANG_WARN_INT_CONVERSION = YES;
				CLANG_WARN_NON_LITERAL_NULL_CONVERSION = YES;
				CLANG_WARN_OBJC_IMPLICIT_RETAIN_SELF = YES;
				CLANG_WARN_OBJC_LITERAL_CONVERSION = YES;
				CLANG_WARN_OBJC_ROOT_CLASS = YES_ERROR;
				CLANG_WARN_QUOTED_INCLUDE_IN_FRAMEWORK_HEADER = YES;
				CLANG_WARN_RANGE_LOOP_ANALYSIS = YES;
				CLANG_WARN_STRICT_PROTOTYPES = YES;
				CLANG_WARN_SUSPICIOUS_MOVE = YES;
				CLANG_WARN_UNGUARDED_AVAILABILITY = YES_AGGRESSIVE;
				CLANG_WARN_UNREACHABLE_CODE = YES;
				CLANG_WARN__DUPLICATE_METHOD_MATCH = YES;
				COPY_PHASE_STRIP = NO;
				DEBUG_INFORMATION_FORMAT = "dwarf-with-dsym";
				ENABLE_NS_ASSERTIONS = NO;
				ENABLE_STRICT_OBJC_MSGSEND = YES;
				GCC_C_LANGUAGE_STANDARD = gnu11;
				GCC_NO_COMMON_BLOCKS = YES;
				GCC_WARN_64_TO_32_BIT_CONVERSION = YES;
				GCC_WARN_ABOUT_RETURN_TYPE = YES_ERROR;
				GCC_WARN_UNDECLARED_SELECTOR = YES;
				GCC_WARN_UNINITIALIZED_AUTOS = YES_AGGRESSIVE;
				GCC_WARN_UNUSED_FUNCTION = YES;
				GCC_WARN_UNUSED_VARIABLE = YES;
				IPHONEOS_DEPLOYMENT_TARGET = 15.0;
				MTL_ENABLE_DEBUG_INFO = NO;
				MTL_FAST_MATH = YES;
				SDKROOT = iphoneos;
				SWIFT_COMPILATION_MODE = wholemodule;
				SWIFT_OPTIMIZATION_LEVEL = "-O";
				VALIDATE_PRODUCT = YES;
			};
			name = Release;
		};
		CBB6DF01270A1EC000043BCE /* Debug */ = {
			isa = XCBuildConfiguration;
			buildSettings = {
				ALWAYS_EMBED_SWIFT_STANDARD_LIBRARIES = YES;
				ASSETCATALOG_COMPILER_APPICON_NAME = AppIcon;
				ASSETCATALOG_COMPILER_GLOBAL_ACCENT_COLOR_NAME = AccentColor;
				CODE_SIGN_ENTITLEMENTS = "otus-ios-homework/otus-ios-homework.entitlements";
				CODE_SIGN_STYLE = Automatic;
				CURRENT_PROJECT_VERSION = 1;
				DEVELOPMENT_ASSET_PATHS = "\"otus-ios-homework/Preview Content\"";
				DEVELOPMENT_TEAM = P3VKCDARX4;
				ENABLE_PREVIEWS = YES;
				GENERATE_INFOPLIST_FILE = YES;
				INFOPLIST_KEY_UIApplicationSceneManifest_Generation = YES;
				INFOPLIST_KEY_UIApplicationSupportsIndirectInputEvents = YES;
				INFOPLIST_KEY_UILaunchScreen_Generation = YES;
				INFOPLIST_KEY_UISupportedInterfaceOrientations_iPad = "UIInterfaceOrientationPortrait UIInterfaceOrientationPortraitUpsideDown UIInterfaceOrientationLandscapeLeft UIInterfaceOrientationLandscapeRight";
				INFOPLIST_KEY_UISupportedInterfaceOrientations_iPhone = "UIInterfaceOrientationPortrait UIInterfaceOrientationLandscapeLeft UIInterfaceOrientationLandscapeRight";
				IPHONEOS_DEPLOYMENT_TARGET = 14.0;
				LD_RUNPATH_SEARCH_PATHS = (
					"$(inherited)",
					"@executable_path/Frameworks",
				);
				MARKETING_VERSION = 1.0;
				PRODUCT_BUNDLE_IDENTIFIER = "one.beagile.otus-ios-homework";
				PRODUCT_NAME = "$(TARGET_NAME)";
				SWIFT_EMIT_LOC_STRINGS = YES;
				SWIFT_VERSION = 5.0;
				TARGETED_DEVICE_FAMILY = "1,2";
			};
			name = Debug;
		};
		CBB6DF02270A1EC000043BCE /* Release */ = {
			isa = XCBuildConfiguration;
			buildSettings = {
				ALWAYS_EMBED_SWIFT_STANDARD_LIBRARIES = YES;
				ASSETCATALOG_COMPILER_APPICON_NAME = AppIcon;
				ASSETCATALOG_COMPILER_GLOBAL_ACCENT_COLOR_NAME = AccentColor;
				CODE_SIGN_ENTITLEMENTS = "otus-ios-homework/otus-ios-homework.entitlements";
				CODE_SIGN_STYLE = Automatic;
				CURRENT_PROJECT_VERSION = 1;
				DEVELOPMENT_ASSET_PATHS = "\"otus-ios-homework/Preview Content\"";
				DEVELOPMENT_TEAM = P3VKCDARX4;
				ENABLE_PREVIEWS = YES;
				GENERATE_INFOPLIST_FILE = YES;
				INFOPLIST_KEY_UIApplicationSceneManifest_Generation = YES;
				INFOPLIST_KEY_UIApplicationSupportsIndirectInputEvents = YES;
				INFOPLIST_KEY_UILaunchScreen_Generation = YES;
				INFOPLIST_KEY_UISupportedInterfaceOrientations_iPad = "UIInterfaceOrientationPortrait UIInterfaceOrientationPortraitUpsideDown UIInterfaceOrientationLandscapeLeft UIInterfaceOrientationLandscapeRight";
				INFOPLIST_KEY_UISupportedInterfaceOrientations_iPhone = "UIInterfaceOrientationPortrait UIInterfaceOrientationLandscapeLeft UIInterfaceOrientationLandscapeRight";
				IPHONEOS_DEPLOYMENT_TARGET = 14.0;
				LD_RUNPATH_SEARCH_PATHS = (
					"$(inherited)",
					"@executable_path/Frameworks",
				);
				MARKETING_VERSION = 1.0;
				PRODUCT_BUNDLE_IDENTIFIER = "one.beagile.otus-ios-homework";
				PRODUCT_NAME = "$(TARGET_NAME)";
				SWIFT_EMIT_LOC_STRINGS = YES;
				SWIFT_VERSION = 5.0;
				TARGETED_DEVICE_FAMILY = "1,2";
			};
			name = Release;
		};
		CBB6DF31270A207000043BCE /* Debug */ = {
			isa = XCBuildConfiguration;
			buildSettings = {
				ASSETCATALOG_COMPILER_GLOBAL_ACCENT_COLOR_NAME = AccentColor;
				ASSETCATALOG_COMPILER_WIDGET_BACKGROUND_COLOR_NAME = WidgetBackground;
				CODE_SIGN_ENTITLEMENTS = SuffixStatsWidgetExtension.entitlements;
				CODE_SIGN_STYLE = Automatic;
				CURRENT_PROJECT_VERSION = 1;
				DEVELOPMENT_TEAM = P3VKCDARX4;
				GENERATE_INFOPLIST_FILE = YES;
				INFOPLIST_FILE = SuffixStatsWidget/Info.plist;
				INFOPLIST_KEY_CFBundleDisplayName = SuffixStatsWidget;
				INFOPLIST_KEY_NSHumanReadableCopyright = "";
				LD_RUNPATH_SEARCH_PATHS = (
					"$(inherited)",
					"@executable_path/Frameworks",
					"@executable_path/../../Frameworks",
				);
				MARKETING_VERSION = 1.0;
				PRODUCT_BUNDLE_IDENTIFIER = "one.beagile.otus-ios-homework.SuffixStatsWidget";
				PRODUCT_NAME = "$(TARGET_NAME)";
				SKIP_INSTALL = YES;
				SWIFT_EMIT_LOC_STRINGS = YES;
				SWIFT_VERSION = 5.0;
				TARGETED_DEVICE_FAMILY = "1,2";
			};
			name = Debug;
		};
		CBB6DF32270A207000043BCE /* Release */ = {
			isa = XCBuildConfiguration;
			buildSettings = {
				ASSETCATALOG_COMPILER_GLOBAL_ACCENT_COLOR_NAME = AccentColor;
				ASSETCATALOG_COMPILER_WIDGET_BACKGROUND_COLOR_NAME = WidgetBackground;
				CODE_SIGN_ENTITLEMENTS = SuffixStatsWidgetExtension.entitlements;
				CODE_SIGN_STYLE = Automatic;
				CURRENT_PROJECT_VERSION = 1;
				DEVELOPMENT_TEAM = P3VKCDARX4;
				GENERATE_INFOPLIST_FILE = YES;
				INFOPLIST_FILE = SuffixStatsWidget/Info.plist;
				INFOPLIST_KEY_CFBundleDisplayName = SuffixStatsWidget;
				INFOPLIST_KEY_NSHumanReadableCopyright = "";
				LD_RUNPATH_SEARCH_PATHS = (
					"$(inherited)",
					"@executable_path/Frameworks",
					"@executable_path/../../Frameworks",
				);
				MARKETING_VERSION = 1.0;
				PRODUCT_BUNDLE_IDENTIFIER = "one.beagile.otus-ios-homework.SuffixStatsWidget";
				PRODUCT_NAME = "$(TARGET_NAME)";
				SKIP_INSTALL = YES;
				SWIFT_EMIT_LOC_STRINGS = YES;
				SWIFT_VERSION = 5.0;
				TARGETED_DEVICE_FAMILY = "1,2";
			};
			name = Release;
		};
/* End XCBuildConfiguration section */

/* Begin XCConfigurationList section */
		CBB6DEED270A1EBD00043BCE /* Build configuration list for PBXProject "otus-ios-homework" */ = {
			isa = XCConfigurationList;
			buildConfigurations = (
				CBB6DEFE270A1EC000043BCE /* Debug */,
				CBB6DEFF270A1EC000043BCE /* Release */,
			);
			defaultConfigurationIsVisible = 0;
			defaultConfigurationName = Release;
		};
		CBB6DF00270A1EC000043BCE /* Build configuration list for PBXNativeTarget "otus-ios-homework" */ = {
			isa = XCConfigurationList;
			buildConfigurations = (
				CBB6DF01270A1EC000043BCE /* Debug */,
				CBB6DF02270A1EC000043BCE /* Release */,
			);
			defaultConfigurationIsVisible = 0;
			defaultConfigurationName = Release;
		};
		CBB6DF30270A207000043BCE /* Build configuration list for PBXNativeTarget "SuffixStatsWidgetExtension" */ = {
			isa = XCConfigurationList;
			buildConfigurations = (
				CBB6DF31270A207000043BCE /* Debug */,
				CBB6DF32270A207000043BCE /* Release */,
			);
			defaultConfigurationIsVisible = 0;
			defaultConfigurationName = Release;
		};
/* End XCConfigurationList section */
	};
	rootObject = CBB6DEEA270A1EBD00043BCE /* Project object */;
}
